
Microsoft Visual Studio Solution File, Format Version 12.00
# Visual Studio Version 17
VisualStudioVersion = 17.0.32014.148
MinimumVisualStudioVersion = 10.0.40219.1
Project("{FAE04EC0-301F-11D3-BF4B-00C04F79EFBC}") = "DesafioCinco", "DesafioCinco\DesafioCinco.csproj", "{4796A5C9-4164-4545-AF73-3B005E351DD9}"
EndProject
Global
	GlobalSection(SolutionConfigurationPlatforms) = preSolution
		Debug|Any CPU = Debug|Any CPU
		Release|Any CPU = Release|Any CPU
	EndGlobalSection
	GlobalSection(ProjectConfigurationPlatforms) = postSolution
		{4796A5C9-4164-4545-AF73-3B005E351DD9}.Debug|Any CPU.ActiveCfg = Debug|Any CPU
		{4796A5C9-4164-4545-AF73-3B005E351DD9}.Debug|Any CPU.Build.0 = Debug|Any CPU
		{4796A5C9-4164-4545-AF73-3B005E351DD9}.Release|Any CPU.ActiveCfg = Release|Any CPU
		{4796A5C9-4164-4545-AF73-3B005E351DD9}.Release|Any CPU.Build.0 = Release|Any CPU
	EndGlobalSection
	GlobalSection(SolutionProperties) = preSolution
		HideSolutionNode = FALSE
	EndGlobalSection
	GlobalSection(ExtensibilityGlobals) = postSolution
		SolutionGuid = {067BF95C-B6B4-4FB1-88DE-5B7416E77A36}
	EndGlobalSection
EndGlobal
